
Microsoft Visual Studio Solution File, Format Version 12.00
# Visual Studio 15
VisualStudioVersion = 15.0.28307.421
MinimumVisualStudioVersion = 10.0.40219.1
Project("{8BC9CEB8-8B4A-11D0-8D11-00A0C91BC942}") = "test_git", "test_git\test_git.vcxproj", "{BC3BE7B8-838D-42E1-B587-D1D436DA5BC7}"
EndProject
Global
	GlobalSection(SolutionConfigurationPlatforms) = preSolution
		Debug|x64 = Debug|x64
		Debug|x86 = Debug|x86
		Release|x64 = Release|x64
		Release|x86 = Release|x86
	EndGlobalSection
	GlobalSection(ProjectConfigurationPlatforms) = postSolution
		{BC3BE7B8-838D-42E1-B587-D1D436DA5BC7}.Debug|x64.ActiveCfg = Debug|x64
		{BC3BE7B8-838D-42E1-B587-D1D436DA5BC7}.Debug|x64.Build.0 = Debug|x64
		{BC3BE7B8-838D-42E1-B587-D1D436DA5BC7}.Debug|x86.ActiveCfg = Debug|Win32
		{BC3BE7B8-838D-42E1-B587-D1D436DA5BC7}.Debug|x86.Build.0 = Debug|Win32
		{BC3BE7B8-838D-42E1-B587-D1D436DA5BC7}.Release|x64.ActiveCfg = Release|x64
		{BC3BE7B8-838D-42E1-B587-D1D436DA5BC7}.Release|x64.Build.0 = Release|x64
		{BC3BE7B8-838D-42E1-B587-D1D436DA5BC7}.Release|x86.ActiveCfg = Release|Win32
		{BC3BE7B8-838D-42E1-B587-D1D436DA5BC7}.Release|x86.Build.0 = Release|Win32
	EndGlobalSection
	GlobalSection(SolutionProperties) = preSolution
		HideSolutionNode = FALSE
	EndGlobalSection
	GlobalSection(ExtensibilityGlobals) = postSolution
		SolutionGuid = {74857748-D8EF-4876-99E3-C281949B3E82}
	EndGlobalSection
EndGlobal
